
Microsoft Visual Studio Solution File, Format Version 12.00
# Visual Studio Version 17
VisualStudioVersion = 17.9.34723.18
MinimumVisualStudioVersion = 10.0.40219.1
Project("{FAE04EC0-301F-11D3-BF4B-00C04F79EFBC}") = "CalculadoraDaDuda", "CalculadoraDaDuda.csproj", "{1B157657-7DB9-4FFA-81F5-1A81FBFE450D}"
EndProject
Global
	GlobalSection(SolutionConfigurationPlatforms) = preSolution
		Debug|Any CPU = Debug|Any CPU
		Release|Any CPU = Release|Any CPU
	EndGlobalSection
	GlobalSection(ProjectConfigurationPlatforms) = postSolution
		{1B157657-7DB9-4FFA-81F5-1A81FBFE450D}.Debug|Any CPU.ActiveCfg = Debug|Any CPU
		{1B157657-7DB9-4FFA-81F5-1A81FBFE450D}.Debug|Any CPU.Build.0 = Debug|Any CPU
		{1B157657-7DB9-4FFA-81F5-1A81FBFE450D}.Release|Any CPU.ActiveCfg = Release|Any CPU
		{1B157657-7DB9-4FFA-81F5-1A81FBFE450D}.Release|Any CPU.Build.0 = Release|Any CPU
	EndGlobalSection
	GlobalSection(SolutionProperties) = preSolution
		HideSolutionNode = FALSE
	EndGlobalSection
	GlobalSection(ExtensibilityGlobals) = postSolution
		SolutionGuid = {DA69A396-D4D6-4D0E-BD43-696F080FCD80}
	EndGlobalSection
EndGlobal
